
Microsoft Visual Studio Solution File, Format Version 12.00
# Visual Studio Version 17
VisualStudioVersion = 17.0.31717.71
MinimumVisualStudioVersion = 10.0.40219.1
Project("{FAE04EC0-301F-11D3-BF4B-00C04F79EFBC}") = "Events_Oefening1", "Events_Oefening1.csproj", "{8537E800-6370-4CD7-83EF-660B5E579A19}"
EndProject
Global
	GlobalSection(SolutionConfigurationPlatforms) = preSolution
		Debug|Any CPU = Debug|Any CPU
		Release|Any CPU = Release|Any CPU
	EndGlobalSection
	GlobalSection(ProjectConfigurationPlatforms) = postSolution
		{8537E800-6370-4CD7-83EF-660B5E579A19}.Debug|Any CPU.ActiveCfg = Debug|Any CPU
		{8537E800-6370-4CD7-83EF-660B5E579A19}.Debug|Any CPU.Build.0 = Debug|Any CPU
		{8537E800-6370-4CD7-83EF-660B5E579A19}.Release|Any CPU.ActiveCfg = Release|Any CPU
		{8537E800-6370-4CD7-83EF-660B5E579A19}.Release|Any CPU.Build.0 = Release|Any CPU
	EndGlobalSection
	GlobalSection(SolutionProperties) = preSolution
		HideSolutionNode = FALSE
	EndGlobalSection
	GlobalSection(ExtensibilityGlobals) = postSolution
		SolutionGuid = {6A47F2F2-A77D-4324-8CA3-8D258953DC47}
	EndGlobalSection
EndGlobal
